
Microsoft Visual Studio Solution File, Format Version 12.00
# Visual Studio 15
VisualStudioVersion = 15.0.28307.572
MinimumVisualStudioVersion = 10.0.40219.1
Project("{8BC9CEB8-8B4A-11D0-8D11-00A0C91BC942}") = "Project1", "Project1\Project1.vcxproj", "{F3AD4AB6-A829-459E-982C-DF72E9DE02FA}"
EndProject
Global
	GlobalSection(SolutionConfigurationPlatforms) = preSolution
		Debug|x64 = Debug|x64
		Debug|x86 = Debug|x86
		Release|x64 = Release|x64
		Release|x86 = Release|x86
	EndGlobalSection
	GlobalSection(ProjectConfigurationPlatforms) = postSolution
		{F3AD4AB6-A829-459E-982C-DF72E9DE02FA}.Debug|x64.ActiveCfg = Debug|x64
		{F3AD4AB6-A829-459E-982C-DF72E9DE02FA}.Debug|x64.Build.0 = Debug|x64
		{F3AD4AB6-A829-459E-982C-DF72E9DE02FA}.Debug|x86.ActiveCfg = Debug|Win32
		{F3AD4AB6-A829-459E-982C-DF72E9DE02FA}.Debug|x86.Build.0 = Debug|Win32
		{F3AD4AB6-A829-459E-982C-DF72E9DE02FA}.Release|x64.ActiveCfg = Release|x64
		{F3AD4AB6-A829-459E-982C-DF72E9DE02FA}.Release|x64.Build.0 = Release|x64
		{F3AD4AB6-A829-459E-982C-DF72E9DE02FA}.Release|x86.ActiveCfg = Release|Win32
		{F3AD4AB6-A829-459E-982C-DF72E9DE02FA}.Release|x86.Build.0 = Release|Win32
	EndGlobalSection
	GlobalSection(SolutionProperties) = preSolution
		HideSolutionNode = FALSE
	EndGlobalSection
	GlobalSection(ExtensibilityGlobals) = postSolution
		SolutionGuid = {52F326F2-B4E6-436A-9947-D204BFE3F2A6}
	EndGlobalSection
EndGlobal
